
Microsoft Visual Studio Solution File, Format Version 12.00
# Visual Studio Version 17
VisualStudioVersion = 17.1.32210.238
MinimumVisualStudioVersion = 10.0.40219.1
Project("{FAE04EC0-301F-11D3-BF4B-00C04F79EFBC}") = "ArtGallery MVVM", "ArtGallery MVVM\ArtGallery MVVM.csproj", "{33A7D20A-E462-48B8-A04B-3CA8A8EC89EB}"
EndProject
Global
	GlobalSection(SolutionConfigurationPlatforms) = preSolution
		Debug|Any CPU = Debug|Any CPU
		Release|Any CPU = Release|Any CPU
	EndGlobalSection
	GlobalSection(ProjectConfigurationPlatforms) = postSolution
		{33A7D20A-E462-48B8-A04B-3CA8A8EC89EB}.Debug|Any CPU.ActiveCfg = Debug|Any CPU
		{33A7D20A-E462-48B8-A04B-3CA8A8EC89EB}.Debug|Any CPU.Build.0 = Debug|Any CPU
		{33A7D20A-E462-48B8-A04B-3CA8A8EC89EB}.Release|Any CPU.ActiveCfg = Release|Any CPU
		{33A7D20A-E462-48B8-A04B-3CA8A8EC89EB}.Release|Any CPU.Build.0 = Release|Any CPU
	EndGlobalSection
	GlobalSection(SolutionProperties) = preSolution
		HideSolutionNode = FALSE
	EndGlobalSection
	GlobalSection(ExtensibilityGlobals) = postSolution
		SolutionGuid = {9F0F82F4-B3A2-4652-B954-3E297D006D2E}
	EndGlobalSection
EndGlobal
