
Microsoft Visual Studio Solution File, Format Version 12.00
# Visual Studio Version 17
VisualStudioVersion = 17.1.32210.238
MinimumVisualStudioVersion = 10.0.40219.1
Project("{FAE04EC0-301F-11D3-BF4B-00C04F79EFBC}") = "ArtGallery MVP", "ArtGallery MVP\ArtGallery MVP.csproj", "{CC330087-CA20-439A-81C2-9FC6524E23CE}"
EndProject
Global
	GlobalSection(SolutionConfigurationPlatforms) = preSolution
		Debug|Any CPU = Debug|Any CPU
		Release|Any CPU = Release|Any CPU
	EndGlobalSection
	GlobalSection(ProjectConfigurationPlatforms) = postSolution
		{CC330087-CA20-439A-81C2-9FC6524E23CE}.Debug|Any CPU.ActiveCfg = Debug|Any CPU
		{CC330087-CA20-439A-81C2-9FC6524E23CE}.Debug|Any CPU.Build.0 = Debug|Any CPU
		{CC330087-CA20-439A-81C2-9FC6524E23CE}.Release|Any CPU.ActiveCfg = Release|Any CPU
		{CC330087-CA20-439A-81C2-9FC6524E23CE}.Release|Any CPU.Build.0 = Release|Any CPU
	EndGlobalSection
	GlobalSection(SolutionProperties) = preSolution
		HideSolutionNode = FALSE
	EndGlobalSection
	GlobalSection(ExtensibilityGlobals) = postSolution
		SolutionGuid = {F46B1902-E549-4641-99F0-3506B836327A}
	EndGlobalSection
EndGlobal
